Microsoft Visual Studio Solution File, Format Version 12.00
# Visual Studio Version 17
VisualStudioVersion = 17.0.31903.59
MinimumVisualStudioVersion = 10.0.40219.1
Project("{FAE04EC0-301F-11D3-BF4B-00C04F79EFBC}") = "ReproWpfApp", "src\ReproWpfApp\ReproWpfApp.csproj", "{3AF9A599-8608-4C4E-B8D7-B127D4FCAC5D}"
EndProject
Project("{C71613EB-2FB9-4F7A-B5F8-5A26D83A8BDA}") = "ReproPackaging", "src\ReproPackaging\ReproPackaging.wapproj", "{D5160C2D-A743-4EE3-93EA-D8AC2662EA96}"
EndProject
Global
	GlobalSection(SolutionConfigurationPlatforms) = preSolution
		Debug|x64 = Debug|x64
		Debug|x86 = Debug|x86
		Release|x64 = Release|x64
		Release|x86 = Release|x86
	EndGlobalSection
	GlobalSection(ProjectConfigurationPlatforms) = postSolution
		{3AF9A599-8608-4C4E-B8D7-B127D4FCAC5D}.Debug|x64.ActiveCfg = Debug|Any CPU
		{3AF9A599-8608-4C4E-B8D7-B127D4FCAC5D}.Debug|x64.Build.0 = Debug|Any CPU
		{3AF9A599-8608-4C4E-B8D7-B127D4FCAC5D}.Release|x64.ActiveCfg = Release|Any CPU
		{3AF9A599-8608-4C4E-B8D7-B127D4FCAC5D}.Release|x64.Build.0 = Release|Any CPU
		{D5160C2D-A743-4EE3-93EA-D8AC2662EA96}.Debug|x64.ActiveCfg = Debug|x64
		{D5160C2D-A743-4EE3-93EA-D8AC2662EA96}.Debug|x64.Build.0 = Debug|x64
		{D5160C2D-A743-4EE3-93EA-D8AC2662EA96}.Release|x64.ActiveCfg = Release|x64
		{D5160C2D-A743-4EE3-93EA-D8AC2662EA96}.Release|x64.Build.0 = Release|x64
	EndGlobalSection
	GlobalSection(SolutionProperties) = preSolution
		HideSolutionNode = FALSE
	EndGlobalSection
EndGlobal
